
Microsoft Visual Studio Solution File, Format Version 12.00
# Visual Studio Version 17
VisualStudioVersion = 17.5.002.0
MinimumVisualStudioVersion = 10.0.40219.1
Project("{9A19103F-16F7-4668-BE54-9A1E7A4F7556}") = "PlaywrightFramework", "PlaywrightFramework.csproj", "{FF4CA672-46B8-4D1F-A232-0276B93F7460}"
EndProject
Global
	GlobalSection(SolutionConfigurationPlatforms) = preSolution
		Debug|Any CPU = Debug|Any CPU
		Release|Any CPU = Release|Any CPU
	EndGlobalSection
	GlobalSection(ProjectConfigurationPlatforms) = postSolution
		{FF4CA672-46B8-4D1F-A232-0276B93F7460}.Debug|Any CPU.ActiveCfg = Debug|Any CPU
		{FF4CA672-46B8-4D1F-A232-0276B93F7460}.Debug|Any CPU.Build.0 = Debug|Any CPU
		{FF4CA672-46B8-4D1F-A232-0276B93F7460}.Release|Any CPU.ActiveCfg = Release|Any CPU
		{FF4CA672-46B8-4D1F-A232-0276B93F7460}.Release|Any CPU.Build.0 = Release|Any CPU
	EndGlobalSection
	GlobalSection(SolutionProperties) = preSolution
		HideSolutionNode = FALSE
	EndGlobalSection
	GlobalSection(ExtensibilityGlobals) = postSolution
		SolutionGuid = {080713E8-C3E6-439B-9F1F-BEBED76D5307}
	EndGlobalSection
EndGlobal
